
Microsoft Visual Studio Solution File, Format Version 12.00
# Visual Studio Version 17
VisualStudioVersion = 17.11.35327.3
MinimumVisualStudioVersion = 10.0.40219.1
Project("{FAE04EC0-301F-11D3-BF4B-00C04F79EFBC}") = "TP3", "TP3\TP3.csproj", "{D31F94AF-E395-4B1E-9CEB-4FA9E2876263}"
EndProject
Global
	GlobalSection(SolutionConfigurationPlatforms) = preSolution
		Debug|Any CPU = Debug|Any CPU
		Release|Any CPU = Release|Any CPU
	EndGlobalSection
	GlobalSection(ProjectConfigurationPlatforms) = postSolution
		{D31F94AF-E395-4B1E-9CEB-4FA9E2876263}.Debug|Any CPU.ActiveCfg = Debug|Any CPU
		{D31F94AF-E395-4B1E-9CEB-4FA9E2876263}.Debug|Any CPU.Build.0 = Debug|Any CPU
		{D31F94AF-E395-4B1E-9CEB-4FA9E2876263}.Release|Any CPU.ActiveCfg = Release|Any CPU
		{D31F94AF-E395-4B1E-9CEB-4FA9E2876263}.Release|Any CPU.Build.0 = Release|Any CPU
	EndGlobalSection
	GlobalSection(SolutionProperties) = preSolution
		HideSolutionNode = FALSE
	EndGlobalSection
	GlobalSection(ExtensibilityGlobals) = postSolution
		SolutionGuid = {68DD5F69-35E5-4FF5-88A3-1FAEBDFA447E}
	EndGlobalSection
EndGlobal
